
Microsoft Visual Studio Solution File, Format Version 12.00
# Visual Studio Version 17
VisualStudioVersion = 17.7.34221.43
MinimumVisualStudioVersion = 10.0.40219.1
Project("{FAE04EC0-301F-11D3-BF4B-00C04F79EFBC}") = "MyXrmToolBoxTool1", "MyXrmToolBoxTool1.csproj", "{ED087C86-D148-44D6-9E93-AC7C3759C381}"
EndProject
Global
	GlobalSection(SolutionConfigurationPlatforms) = preSolution
		Debug|Any CPU = Debug|Any CPU
		Release|Any CPU = Release|Any CPU
	EndGlobalSection
	GlobalSection(ProjectConfigurationPlatforms) = postSolution
		{ED087C86-D148-44D6-9E93-AC7C3759C381}.Debug|Any CPU.ActiveCfg = Debug|Any CPU
		{ED087C86-D148-44D6-9E93-AC7C3759C381}.Debug|Any CPU.Build.0 = Debug|Any CPU
		{ED087C86-D148-44D6-9E93-AC7C3759C381}.Release|Any CPU.ActiveCfg = Release|Any CPU
		{ED087C86-D148-44D6-9E93-AC7C3759C381}.Release|Any CPU.Build.0 = Release|Any CPU
	EndGlobalSection
	GlobalSection(SolutionProperties) = preSolution
		HideSolutionNode = FALSE
	EndGlobalSection
	GlobalSection(ExtensibilityGlobals) = postSolution
		SolutionGuid = {42451D13-7431-4567-AF53-06C8FF70FAB9}
	EndGlobalSection
EndGlobal
